GEM
  remote: http://rubygems.org/
  specs:
    activesupport (7.1.6)
      base64
      benchmark (>= 0.3)
      bigdecimal
      concurrent-ruby (~> 1.0, >= 1.0.2)
      connection_pool (>= 2.2.5)
      drb
      i18n (>= 1.6, < 2)
      logger (>= 1.4.2)
      minitest (>= 5.1)
      mutex_m
      securerandom (>= 0.3)
      tzinfo (~> 2.0)
    addressable (2.8.8)
      public_suffix (>= 2.0.2, < 8.0)
    base64 (0.3.0)
    benchmark (0.5.0)
    bigdecimal (4.0.1)
    builder (3.3.0)
    cgi (0.5.1)
    concurrent-ruby (1.3.6)
    connection_pool (2.5.5)
    date (3.5.1)
    descendants_tracker (0.0.4)
      thread_safe (~> 0.3, >= 0.3.1)
    diff-lcs (1.6.2)
    drb (2.2.3)
    erb (4.0.4)
      cgi (>= 0.3.3)
    faraday (1.10.4)
      faraday-em_http (~> 1.0)
      faraday-em_synchrony (~> 1.0)
      faraday-excon (~> 1.1)
      faraday-httpclient (~> 1.0)
      faraday-multipart (~> 1.0)
      faraday-net_http (~> 1.0)
      faraday-net_http_persistent (~> 1.0)
      faraday-patron (~> 1.0)
      faraday-rack (~> 1.0)
      faraday-retry (~> 1.0)
      ruby2_keywords (>= 0.0.4)
    faraday-em_http (1.0.0)
    faraday-em_synchrony (1.0.1)
    faraday-excon (1.1.0)
    faraday-httpclient (1.0.1)
    faraday-multipart (1.2.0)
      multipart-post (~> 2.0)
    faraday-net_http (1.0.2)
    faraday-net_http_persistent (1.2.0)
    faraday-patron (1.0.0)
    faraday-rack (1.0.0)
    faraday-retry (1.0.3)
    forwardable (1.4.0)
    git (2.3.3)
      activesupport (>= 5.0)
      addressable (~> 2.8)
      process_executer (~> 1.1)
      rchardet (~> 1.8)
    github_api (0.19.0)
      addressable (~> 2.4)
      descendants_tracker (~> 0.0.4)
      faraday (>= 0.8, < 2)
      hashie (~> 3.5, >= 3.5.2)
      oauth2 (~> 1.0)
    hashie (3.6.0)
    highline (3.1.2)
      reline
    i18n (1.14.8)
      concurrent-ruby (~> 1.0)
    io-console (0.8.2)
    iostruct (0.7.0)
    juwelier (2.4.9)
      builder
      bundler
      git
      github_api
      highline
      kamelcase (~> 0)
      nokogiri
      psych
      rake
      rdoc
      semver2
    jwt (2.10.2)
      base64
    kamelcase (0.0.2)
      semver2 (~> 3)
    logger (1.7.0)
    mini_portile2 (2.8.9)
    minitest (5.26.1)
    multi_json (1.19.1)
    multi_xml (0.6.0)
    multipart-post (2.4.1)
    mutex_m (0.3.0)
    nokogiri (1.17.2)
      mini_portile2 (~> 2.8.2)
      racc (~> 1.4)
    oauth2 (1.4.11)
      faraday (>= 0.17.3, < 3.0)
      jwt (>= 1.0, < 3.0)
      multi_json (~> 1.3)
      multi_xml (~> 0.5)
      rack (>= 1.2, < 4)
    prime (0.1.4)
      forwardable
      singleton
    process_executer (1.1.2)
    psych (5.3.1)
      date
      stringio
    public_suffix (6.0.2)
    racc (1.8.1)
    rack (3.2.4)
    rainbow (3.1.1)
    rake (13.3.1)
    rchardet (1.10.0)
    rdoc (7.1.0)
      erb
      psych (>= 4.0.0)
      tsort
    reline (0.6.3)
      io-console (~> 0.5)
    rspec (3.13.2)
      rspec-core (~> 3.13.0)
      rspec-expectations (~> 3.13.0)
      rspec-mocks (~> 3.13.0)
    rspec-core (3.13.6)
      rspec-support (~> 3.13.0)
    rspec-expectations (3.13.5)
      diff-lcs (>= 1.2.0, < 2.0)
      rspec-support (~> 3.13.0)
    rspec-mocks (3.13.7)
      diff-lcs (>= 1.2.0, < 2.0)
      rspec-support (~> 3.13.0)
    rspec-support (3.13.6)
    ruby2_keywords (0.0.5)
    securerandom (0.3.2)
    semver2 (3.4.2)
    singleton (0.3.0)
    stringio (3.2.0)
    thread_safe (0.3.6)
    tsort (0.2.0)
    tzinfo (2.0.6)
      concurrent-ruby (~> 1.0)
    zpng (0.4.6)
      iostruct (>= 0.7.0)
      rainbow (~> 3.1.1)

PLATFORMS
  ruby

DEPENDENCIES
  iostruct (>= 0.7.0)
  juwelier
  prime
  rspec
  zpng (>= 0.4.6)

BUNDLED WITH
   2.4.22
